
Microsoft Visual Studio Solution File, Format Version 12.00
# Visual Studio 15
VisualStudioVersion = 15.0.27130.2036
MinimumVisualStudioVersion = 10.0.40219.1
Project("{9A19103F-16F7-4668-BE54-9A1E7A4F7556}") = "DBDefsLib", "DBDefsLib\DBDefsLib.csproj", "{877C8DF2-D25C-4236-9D37-DBE57D851A5A}"
EndProject
Project("{9A19103F-16F7-4668-BE54-9A1E7A4F7556}") = "DBDefsValidator", "DBDefsValidator\DBDefsValidator.csproj", "{FCC3B71F-3220-40F5-8CD8-8C58DE8E9BBD}"
EndProject
Project("{9A19103F-16F7-4668-BE54-9A1E7A4F7556}") = "DBDefsTest", "DBDefsTest\DBDefsTest.csproj", "{2B7A4C01-4B04-4DFF-BB03-39A44FFBAECF}"
EndProject
Project("{9A19103F-16F7-4668-BE54-9A1E7A4F7556}") = "DBDefsMerge", "DBDefsMerge\DBDefsMerge.csproj", "{1C2DF2C3-3AE4-4D8F-93F1-F42C79C972EF}"
EndProject
Project("{9A19103F-16F7-4668-BE54-9A1E7A4F7556}") = "DBDefsDumper", "DBDefsDumper\DBDefsDumper.csproj", "{56664B3B-9A60-4A5D-B9B3-AF30C5E21F04}"
EndProject
Project("{9A19103F-16F7-4668-BE54-9A1E7A4F7556}") = "DBDefsCoverage", "DBDefsCoverage\DBDefsCoverage.csproj", "{B8D8BC4B-48B2-407E-B472-5D6FD34BD90D}"
EndProject
Project("{FAE04EC0-301F-11D3-BF4B-00C04F79EFBC}") = "DBDefsConverter", "DBDefsConverter\DBDefsConverter.csproj", "{33BB901D-38E5-477D-B76B-B2ED31283183}"
EndProject
Global
	GlobalSection(SolutionConfigurationPlatforms) = preSolution
		Debug|Any CPU = Debug|Any CPU
		Release|Any CPU = Release|Any CPU
	EndGlobalSection
	GlobalSection(ProjectConfigurationPlatforms) = postSolution
		{877C8DF2-D25C-4236-9D37-DBE57D851A5A}.Debug|Any CPU.ActiveCfg = Debug|Any CPU
		{877C8DF2-D25C-4236-9D37-DBE57D851A5A}.Debug|Any CPU.Build.0 = Debug|Any CPU
		{877C8DF2-D25C-4236-9D37-DBE57D851A5A}.Release|Any CPU.ActiveCfg = Release|Any CPU
		{877C8DF2-D25C-4236-9D37-DBE57D851A5A}.Release|Any CPU.Build.0 = Release|Any CPU
		{FCC3B71F-3220-40F5-8CD8-8C58DE8E9BBD}.Debug|Any CPU.ActiveCfg = Debug|Any CPU
		{FCC3B71F-3220-40F5-8CD8-8C58DE8E9BBD}.Debug|Any CPU.Build.0 = Debug|Any CPU
		{FCC3B71F-3220-40F5-8CD8-8C58DE8E9BBD}.Release|Any CPU.ActiveCfg = Release|Any CPU
		{FCC3B71F-3220-40F5-8CD8-8C58DE8E9BBD}.Release|Any CPU.Build.0 = Release|Any CPU
		{2B7A4C01-4B04-4DFF-BB03-39A44FFBAECF}.Debug|Any CPU.ActiveCfg = Debug|Any CPU
		{2B7A4C01-4B04-4DFF-BB03-39A44FFBAECF}.Debug|Any CPU.Build.0 = Debug|Any CPU
		{2B7A4C01-4B04-4DFF-BB03-39A44FFBAECF}.Release|Any CPU.ActiveCfg = Release|Any CPU
		{2B7A4C01-4B04-4DFF-BB03-39A44FFBAECF}.Release|Any CPU.Build.0 = Release|Any CPU
		{1C2DF2C3-3AE4-4D8F-93F1-F42C79C972EF}.Debug|Any CPU.ActiveCfg = Debug|Any CPU
		{1C2DF2C3-3AE4-4D8F-93F1-F42C79C972EF}.Debug|Any CPU.Build.0 = Debug|Any CPU
		{1C2DF2C3-3AE4-4D8F-93F1-F42C79C972EF}.Release|Any CPU.ActiveCfg = Release|Any CPU
		{1C2DF2C3-3AE4-4D8F-93F1-F42C79C972EF}.Release|Any CPU.Build.0 = Release|Any CPU
		{56664B3B-9A60-4A5D-B9B3-AF30C5E21F04}.Debug|Any CPU.ActiveCfg = Debug|Any CPU
		{56664B3B-9A60-4A5D-B9B3-AF30C5E21F04}.Debug|Any CPU.Build.0 = Debug|Any CPU
		{56664B3B-9A60-4A5D-B9B3-AF30C5E21F04}.Release|Any CPU.ActiveCfg = Release|Any CPU
		{56664B3B-9A60-4A5D-B9B3-AF30C5E21F04}.Release|Any CPU.Build.0 = Release|Any CPU
		{B8D8BC4B-48B2-407E-B472-5D6FD34BD90D}.Debug|Any CPU.ActiveCfg = Debug|Any CPU
		{B8D8BC4B-48B2-407E-B472-5D6FD34BD90D}.Debug|Any CPU.Build.0 = Debug|Any CPU
		{B8D8BC4B-48B2-407E-B472-5D6FD34BD90D}.Release|Any CPU.ActiveCfg = Release|Any CPU
		{B8D8BC4B-48B2-407E-B472-5D6FD34BD90D}.Release|Any CPU.Build.0 = Release|Any CPU
		{33BB901D-38E5-477D-B76B-B2ED31283183}.Debug|Any CPU.ActiveCfg = Debug|Any CPU
		{33BB901D-38E5-477D-B76B-B2ED31283183}.Debug|Any CPU.Build.0 = Debug|Any CPU
		{33BB901D-38E5-477D-B76B-B2ED31283183}.Release|Any CPU.ActiveCfg = Release|Any CPU
		{33BB901D-38E5-477D-B76B-B2ED31283183}.Release|Any CPU.Build.0 = Release|Any CPU
	EndGlobalSection
	GlobalSection(SolutionProperties) = preSolution
		HideSolutionNode = FALSE
	EndGlobalSection
	GlobalSection(ExtensibilityGlobals) = postSolution
		SolutionGuid = {3CEEB631-AE6F-490E-8E77-BB6D44436C52}
	EndGlobalSection
EndGlobal
